
Microsoft Visual Studio Solution File, Format Version 12.00
# Visual Studio 15
VisualStudioVersion = 15.0.27130.2020
MinimumVisualStudioVersion = 10.0.40219.1
Project("{FAE04EC0-301F-11D3-BF4B-00C04F79EFBC}") = "azure.servicebus.topic.sender", "azure.servicebus.topic.sender\azure.servicebus.topic.sender.csproj", "{F203EB9F-EE86-420B-91BC-A291F0DDC425}"
EndProject
Project("{FAE04EC0-301F-11D3-BF4B-00C04F79EFBC}") = "azure.servicebus.topic.subscriber", "azure.servicebus.topic.subscriber\azure.servicebus.topic.subscriber.csproj", "{7167C0D9-BE20-41DE-A47D-5B0E91132DC6}"
EndProject
Global
	GlobalSection(SolutionConfigurationPlatforms) = preSolution
		Debug|Any CPU = Debug|Any CPU
		Release|Any CPU = Release|Any CPU
	EndGlobalSection
	GlobalSection(ProjectConfigurationPlatforms) = postSolution
		{F203EB9F-EE86-420B-91BC-A291F0DDC425}.Debug|Any CPU.ActiveCfg = Debug|Any CPU
		{F203EB9F-EE86-420B-91BC-A291F0DDC425}.Debug|Any CPU.Build.0 = Debug|Any CPU
		{F203EB9F-EE86-420B-91BC-A291F0DDC425}.Release|Any CPU.ActiveCfg = Release|Any CPU
		{F203EB9F-EE86-420B-91BC-A291F0DDC425}.Release|Any CPU.Build.0 = Release|Any CPU
		{7167C0D9-BE20-41DE-A47D-5B0E91132DC6}.Debug|Any CPU.ActiveCfg = Debug|Any CPU
		{7167C0D9-BE20-41DE-A47D-5B0E91132DC6}.Debug|Any CPU.Build.0 = Debug|Any CPU
		{7167C0D9-BE20-41DE-A47D-5B0E91132DC6}.Release|Any CPU.ActiveCfg = Release|Any CPU
		{7167C0D9-BE20-41DE-A47D-5B0E91132DC6}.Release|Any CPU.Build.0 = Release|Any CPU
	EndGlobalSection
	GlobalSection(SolutionProperties) = preSolution
		HideSolutionNode = FALSE
	EndGlobalSection
	GlobalSection(ExtensibilityGlobals) = postSolution
		SolutionGuid = {168E8623-4B67-4AE5-AF87-6F3F598B379C}
	EndGlobalSection
EndGlobal
